
Microsoft Visual Studio Solution File, Format Version 12.00
Project("{FAE04EC0-301F-11D3-BF4B-00C04F79EFBC}") = "ats-candidate-service", "ats-candidate-service\ats-candidate-service.csproj", "{CD2EE892-4D48-4451-A72F-CFC653B9C5AA}"
EndProject
Project("{2150E333-8FDC-42A3-9474-1A3956D46DE8}") = "Solution Items", "Solution Items", "{66752812-540A-4C2B-A81B-EAEA0C995404}"
EndProject
Project("{FAE04EC0-301F-11D3-BF4B-00C04F79EFBC}") = "ats-vacancy-service", "ats-vacancy-service\ats-vacancy-service.csproj", "{E4353FC8-03D9-4D7A-B067-B4F17CF02345}"
EndProject
Project("{FAE04EC0-301F-11D3-BF4B-00C04F79EFBC}") = "ats-recruitment-service", "ats-recruitment-service\ats-recruitment-service.csproj", "{D9E44C5E-3FE5-4DB9-AD7F-505C1317DB8E}"
EndProject
Project("{FAE04EC0-301F-11D3-BF4B-00C04F79EFBC}") = "ats-interview-service", "ats-interview-service\ats-interview-service.csproj", "{C331444D-6CAD-474E-9B86-FC032D5B7599}"
EndProject
Project("{FAE04EC0-301F-11D3-BF4B-00C04F79EFBC}") = "ats-authorization-service", "ats-authorization-service\ats-authorization-service.csproj", "{7AAE52F0-BD5C-4C21-AD0E-41D312B5E2B4}"
EndProject
Project("{FAE04EC0-301F-11D3-BF4B-00C04F79EFBC}") = "ats-shared-contracts", "ats-shared-contracts\ats-shared-contracts.csproj", "{A495FE63-A3F9-40A0-AC68-AE4BD6E81160}"
EndProject
Project("{FAE04EC0-301F-11D3-BF4B-00C04F79EFBC}") = "ats-service-discovery", "ats-service-discovery\ats-service-discovery.csproj", "{4A6F1910-6B27-4732-8247-5DD33CCA077C}"
EndProject
Project("{FAE04EC0-301F-11D3-BF4B-00C04F79EFBC}") = "ats.ServiceDiscovery.Client", "ats.ServiceDiscovery.Client\ats.ServiceDiscovery.Client.csproj", "{DE7C359A-7D65-49F5-8E37-EB7776D8ED97}"
EndProject
Global
	GlobalSection(SolutionConfigurationPlatforms) = preSolution
		Debug|Any CPU = Debug|Any CPU
		Release|Any CPU = Release|Any CPU
	EndGlobalSection
	GlobalSection(ProjectConfigurationPlatforms) = postSolution
		{CD2EE892-4D48-4451-A72F-CFC653B9C5AA}.Debug|Any CPU.ActiveCfg = Debug|Any CPU
		{CD2EE892-4D48-4451-A72F-CFC653B9C5AA}.Debug|Any CPU.Build.0 = Debug|Any CPU
		{CD2EE892-4D48-4451-A72F-CFC653B9C5AA}.Release|Any CPU.ActiveCfg = Release|Any CPU
		{CD2EE892-4D48-4451-A72F-CFC653B9C5AA}.Release|Any CPU.Build.0 = Release|Any CPU
		{E4353FC8-03D9-4D7A-B067-B4F17CF02345}.Debug|Any CPU.ActiveCfg = Debug|Any CPU
		{E4353FC8-03D9-4D7A-B067-B4F17CF02345}.Debug|Any CPU.Build.0 = Debug|Any CPU
		{E4353FC8-03D9-4D7A-B067-B4F17CF02345}.Release|Any CPU.ActiveCfg = Release|Any CPU
		{E4353FC8-03D9-4D7A-B067-B4F17CF02345}.Release|Any CPU.Build.0 = Release|Any CPU
		{D9E44C5E-3FE5-4DB9-AD7F-505C1317DB8E}.Debug|Any CPU.ActiveCfg = Debug|Any CPU
		{D9E44C5E-3FE5-4DB9-AD7F-505C1317DB8E}.Debug|Any CPU.Build.0 = Debug|Any CPU
		{D9E44C5E-3FE5-4DB9-AD7F-505C1317DB8E}.Release|Any CPU.ActiveCfg = Release|Any CPU
		{D9E44C5E-3FE5-4DB9-AD7F-505C1317DB8E}.Release|Any CPU.Build.0 = Release|Any CPU
		{C331444D-6CAD-474E-9B86-FC032D5B7599}.Debug|Any CPU.ActiveCfg = Debug|Any CPU
		{C331444D-6CAD-474E-9B86-FC032D5B7599}.Debug|Any CPU.Build.0 = Debug|Any CPU
		{C331444D-6CAD-474E-9B86-FC032D5B7599}.Release|Any CPU.ActiveCfg = Release|Any CPU
		{C331444D-6CAD-474E-9B86-FC032D5B7599}.Release|Any CPU.Build.0 = Release|Any CPU
		{7AAE52F0-BD5C-4C21-AD0E-41D312B5E2B4}.Debug|Any CPU.ActiveCfg = Debug|Any CPU
		{7AAE52F0-BD5C-4C21-AD0E-41D312B5E2B4}.Debug|Any CPU.Build.0 = Debug|Any CPU
		{7AAE52F0-BD5C-4C21-AD0E-41D312B5E2B4}.Release|Any CPU.ActiveCfg = Release|Any CPU
		{7AAE52F0-BD5C-4C21-AD0E-41D312B5E2B4}.Release|Any CPU.Build.0 = Release|Any CPU
		{A495FE63-A3F9-40A0-AC68-AE4BD6E81160}.Debug|Any CPU.ActiveCfg = Debug|Any CPU
		{A495FE63-A3F9-40A0-AC68-AE4BD6E81160}.Debug|Any CPU.Build.0 = Debug|Any CPU
		{A495FE63-A3F9-40A0-AC68-AE4BD6E81160}.Release|Any CPU.ActiveCfg = Release|Any CPU
		{A495FE63-A3F9-40A0-AC68-AE4BD6E81160}.Release|Any CPU.Build.0 = Release|Any CPU
		{4A6F1910-6B27-4732-8247-5DD33CCA077C}.Debug|Any CPU.ActiveCfg = Debug|Any CPU
		{4A6F1910-6B27-4732-8247-5DD33CCA077C}.Debug|Any CPU.Build.0 = Debug|Any CPU
		{4A6F1910-6B27-4732-8247-5DD33CCA077C}.Release|Any CPU.ActiveCfg = Release|Any CPU
		{4A6F1910-6B27-4732-8247-5DD33CCA077C}.Release|Any CPU.Build.0 = Release|Any CPU
		{DE7C359A-7D65-49F5-8E37-EB7776D8ED97}.Debug|Any CPU.ActiveCfg = Debug|Any CPU
		{DE7C359A-7D65-49F5-8E37-EB7776D8ED97}.Debug|Any CPU.Build.0 = Debug|Any CPU
		{DE7C359A-7D65-49F5-8E37-EB7776D8ED97}.Release|Any CPU.ActiveCfg = Release|Any CPU
		{DE7C359A-7D65-49F5-8E37-EB7776D8ED97}.Release|Any CPU.Build.0 = Release|Any CPU
	EndGlobalSection
	GlobalSection(NestedProjects) = preSolution
		{DE7C359A-7D65-49F5-8E37-EB7776D8ED97} = {66752812-540A-4C2B-A81B-EAEA0C995404}
	EndGlobalSection
EndGlobal
